// !$*UTF8*$!
{
	archiveVersion = 1;
	classes = {
	};
	objectVersion = 51;
	objects = {

/* Begin PBXBuildFile section */
		532DEEB9AE2FA0EB1291542E /* Pods_ChartsWork.framework in Frameworks */ = {isa = PBXBuildFile; fileRef = D02B877942DE3F600BCE2808 /* Pods_ChartsWork.framework */; };
		CCD0CC4A25611A3B00FE95CD /* AppDelegate.swift in Sources */ = {isa = PBXBuildFile; fileRef = CCD0CC4925611A3B00FE95CD /* AppDelegate.swift */; };
		CCD0CC4C25611A3B00FE95CD /* SceneDelegate.swift in Sources */ = {isa = PBXBuildFile; fileRef = CCD0CC4B25611A3B00FE95CD /* SceneDelegate.swift */; };
		CCD0CC4E25611A3B00FE95CD /* ViewController.swift in Sources */ = {isa = PBXBuildFile; fileRef = CCD0CC4D25611A3B00FE95CD /* ViewController.swift */; };
		CCD0CC5125611A3B00FE95CD /* Main.storyboard in Resources */ = {isa = PBXBuildFile; fileRef = CCD0CC4F25611A3B00FE95CD /* Main.storyboard */; };
		CCD0CC5325611A3C00FE95CD /* Assets.xcassets in Resources */ = {isa = PBXBuildFile; fileRef = CCD0CC5225611A3C00FE95CD /* Assets.xcassets */; };
		CCD0CC5625611A3C00FE95CD /* LaunchScreen.storyboard in Resources */ = {isa = PBXBuildFile; fileRef = CCD0CC5425611A3C00FE95CD /* LaunchScreen.storyboard */; };
		CCF0919E2562A67A00D1ACA0 /* CustomMarker.swift in Sources */ = {isa = PBXBuildFile; fileRef = CCF0919D2562A67A00D1ACA0 /* CustomMarker.swift */; };
/* End PBXBuildFile section */

/* Begin PBXFileReference section */
		BB76245A117C11A335920327 /* Pods-ChartsWork.debug.xcconfig */ = {isa = PBXFileReference; includeInIndex = 1; lastKnownFileType = text.xcconfig; name = "Pods-ChartsWork.debug.xcconfig"; path = "Target Support Files/Pods-ChartsWork/Pods-ChartsWork.debug.xcconfig"; sourceTree = "<group>"; };
		CCD0CC4625611A3B00FE95CD /* ChartsWork.app */ = {isa = PBXFileReference; explicitFileType = wrapper.application; includeInIndex = 0; path = ChartsWork.app; sourceTree = BUILT_PRODUCTS_DIR; };
		CCD0CC4925611A3B00FE95CD /* AppDelegate.swift */ = {isa = PBXFileReference; lastKnownFileType = sourcecode.swift; path = AppDelegate.swift; sourceTree = "<group>"; };
		CCD0CC4B25611A3B00FE95CD /* SceneDelegate.swift */ = {isa = PBXFileReference; lastKnownFileType = sourcecode.swift; path = SceneDelegate.swift; sourceTree = "<group>"; };
		CCD0CC4D25611A3B00FE95CD /* ViewController.swift */ = {isa = PBXFileReference; lastKnownFileType = sourcecode.swift; path = ViewController.swift; sourceTree = "<group>"; };
		CCD0CC5025611A3B00FE95CD /* Base */ = {isa = PBXFileReference; lastKnownFileType = file.storyboard; name = Base; path = Base.lproj/Main.storyboard; sourceTree = "<group>"; };
		CCD0CC5225611A3C00FE95CD /* Assets.xcassets */ = {isa = PBXFileReference; lastKnownFileType = folder.assetcatalog; path = Assets.xcassets; sourceTree = "<group>"; };
		CCD0CC5525611A3C00FE95CD /* Base */ = {isa = PBXFileReference; lastKnownFileType = file.storyboard; name = Base; path = Base.lproj/LaunchScreen.storyboard; sourceTree = "<group>"; };
		CCD0CC5725611A3C00FE95CD /* Info.plist */ = {isa = PBXFileReference; lastKnownFileType = text.plist.xml; path = Info.plist; sourceTree = "<group>"; };
		CCF0919D2562A67A00D1ACA0 /* CustomMarker.swift */ = {isa = PBXFileReference; lastKnownFileType = sourcecode.swift; path = CustomMarker.swift; sourceTree = "<group>"; };
		D02B877942DE3F600BCE2808 /* Pods_ChartsWork.framework */ = {isa = PBXFileReference; explicitFileType = wrapper.framework; includeInIndex = 0; path = Pods_ChartsWork.framework; sourceTree = BUILT_PRODUCTS_DIR; };
		F2DF59996D500CB9494E0369 /* Pods-ChartsWork.release.xcconfig */ = {isa = PBXFileReference; includeInIndex = 1; lastKnownFileType = text.xcconfig; name = "Pods-ChartsWork.release.xcconfig"; path = "Target Support Files/Pods-ChartsWork/Pods-ChartsWork.release.xcconfig"; sourceTree = "<group>"; };
/* End PBXFileReference section */

/* Begin PBXFrameworksBuildPhase section */
		CCD0CC4325611A3B00FE95CD /* Frameworks */ = {
			isa = PBXFrameworksBuildPhase;
			buildActionMask = 2147483647;
			files = (
				532DEEB9AE2FA0EB1291542E /* Pods_ChartsWork.framework in Frameworks */,
			);
			runOnlyForDeploymentPostprocessing = 0;
		};
/* End PBXFrameworksBuildPhase section */

/* Begin PBXGroup section */
		90180254349260A7B2915085 /* Frameworks */ = {
			isa = PBXGroup;
			children = (
				D02B877942DE3F600BCE2808 /* Pods_ChartsWork.framework */,
			);
			name = Frameworks;
			sourceTree = "<group>";
		};
		CBB71FD637E39466BF8528C5 /* Pods */ = {
			isa = PBXGroup;
			children = (
				BB76245A117C11A335920327 /* Pods-ChartsWork.debug.xcconfig */,
				F2DF59996D500CB9494E0369 /* Pods-ChartsWork.release.xcconfig */,
			);
			path = Pods;
			sourceTree = "<group>";
		};
		CCD0CC3D25611A3B00FE95CD = {
			isa = PBXGroup;
			children = (
				CCD0CC4825611A3B00FE95CD /* ChartsWork */,
				CCD0CC4725611A3B00FE95CD /* Products */,
				CBB71FD637E39466BF8528C5 /* Pods */,
				90180254349260A7B2915085 /* Frameworks */,
			);
			sourceTree = "<group>";
		};
		CCD0CC4725611A3B00FE95CD /* Products */ = {
			isa = PBXGroup;
			children = (
				CCD0CC4625611A3B00FE95CD /* ChartsWork.app */,
			);
			name = Products;
			sourceTree = "<group>";
		};
		CCD0CC4825611A3B00FE95CD /* ChartsWork */ = {
			isa = PBXGroup;
			children = (
				CCD0CC4925611A3B00FE95CD /* AppDelegate.swift */,
				CCD0CC4B25611A3B00FE95CD /* SceneDelegate.swift */,
				CCD0CC4D25611A3B00FE95CD /* ViewController.swift */,
				CCF0919D2562A67A00D1ACA0 /* CustomMarker.swift */,
				CCD0CC4F25611A3B00FE95CD /* Main.storyboard */,
				CCD0CC5225611A3C00FE95CD /* Assets.xcassets */,
				CCD0CC5425611A3C00FE95CD /* LaunchScreen.storyboard */,
				CCD0CC5725611A3C00FE95CD /* Info.plist */,
			);
			path = ChartsWork;
			sourceTree = "<group>";
		};
/* End PBXGroup section */

/* Begin PBXNativeTarget section */
		CCD0CC4525611A3B00FE95CD /* ChartsWork */ = {
			isa = PBXNativeTarget;
			buildConfigurationList = CCD0CC5A25611A3C00FE95CD /* Build configuration list for PBXNativeTarget "ChartsWork" */;
			buildPhases = (
				E28016FCE113B253AC8A0426 /* [CP] Check Pods Manifest.lock */,
				CCD0CC4225611A3B00FE95CD /* Sources */,
				CCD0CC4325611A3B00FE95CD /* Frameworks */,
				CCD0CC4425611A3B00FE95CD /* Resources */,
				826F860004C100BA4C972B65 /* [CP] Embed Pods Frameworks */,
			);
			buildRules = (
			);
			dependencies = (
			);
			name = ChartsWork;
			productName = ChartsWork;
			productReference = CCD0CC4625611A3B00FE95CD /* ChartsWork.app */;
			productType = "com.apple.product-type.application";
		};
/* End PBXNativeTarget section */

/* Begin PBXProject section */
		CCD0CC3E25611A3B00FE95CD /* Project object */ = {
			isa = PBXProject;
			attributes = {
				LastSwiftUpdateCheck = 1220;
				LastUpgradeCheck = 1220;
				TargetAttributes = {
					CCD0CC4525611A3B00FE95CD = {
						CreatedOnToolsVersion = 12.2;
					};
				};
			};
			buildConfigurationList = CCD0CC4125611A3B00FE95CD /* Build configuration list for PBXProject "ChartsWork" */;
			compatibilityVersion = "Xcode 9.3";
			developmentRegion = en;
			hasScannedForEncodings = 0;
			knownRegions = (
				en,
				Base,
			);
			mainGroup = CCD0CC3D25611A3B00FE95CD;
			productRefGroup = CCD0CC4725611A3B00FE95CD /* Products */;
			projectDirPath = "";
			projectRoot = "";
			targets = (
				CCD0CC4525611A3B00FE95CD /* ChartsWork */,
			);
		};
/* End PBXProject section */

/* Begin PBXResourcesBuildPhase section */
		CCD0CC4425611A3B00FE95CD /* Resources */ = {
			isa = PBXResourcesBuildPhase;
			buildActionMask = 2147483647;
			files = (
				CCD0CC5625611A3C00FE95CD /* LaunchScreen.storyboard in Resources */,
				CCD0CC5325611A3C00FE95CD /* Assets.xcassets in Resources */,
				CCD0CC5125611A3B00FE95CD /* Main.storyboard in Resources */,
			);
			runOnlyForDeploymentPostprocessing = 0;
		};
/* End PBXResourcesBuildPhase section */

/* Begin PBXShellScriptBuildPhase section */
		826F860004C100BA4C972B65 /* [CP] Embed Pods Frameworks */ = {
			isa = PBXShellScriptBuildPhase;
			buildActionMask = 2147483647;
			files = (
			);
			inputFileListPaths = (
				"${PODS_ROOT}/Target Support Files/Pods-ChartsWork/Pods-ChartsWork-frameworks-${CONFIGURATION}-input-files.xcfilelist",
			);
			name = "[CP] Embed Pods Frameworks";
			outputFileListPaths = (
				"${PODS_ROOT}/Target Support Files/Pods-ChartsWork/Pods-ChartsWork-frameworks-${CONFIGURATION}-output-files.xcfilelist",
			);
			runOnlyForDeploymentPostprocessing = 0;
			shellPath = /bin/sh;
			shellScript = "\"${PODS_ROOT}/Target Support Files/Pods-ChartsWork/Pods-ChartsWork-frameworks.sh\"\n";
			showEnvVarsInLog = 0;
		};
		E28016FCE113B253AC8A0426 /* [CP] Check Pods Manifest.lock */ = {
			isa = PBXShellScriptBuildPhase;
			buildActionMask = 2147483647;
			files = (
			);
			inputFileListPaths = (
			);
			inputPaths = (
				"${PODS_PODFILE_DIR_PATH}/Podfile.lock",
				"${PODS_ROOT}/Manifest.lock",
			);
			name = "[CP] Check Pods Manifest.lock";
			outputFileListPaths = (
			);
			outputPaths = (
				"$(DERIVED_FILE_DIR)/Pods-ChartsWork-checkManifestLockResult.txt",
			);
			runOnlyForDeploymentPostprocessing = 0;
			shellPath = /bin/sh;
			shellScript = "diff \"${PODS_PODFILE_DIR_PATH}/Podfile.lock\" \"${PODS_ROOT}/Manifest.lock\" > /dev/null\nif [ $? != 0 ] ; then\n    # print error to STDERR\n    echo \"error: The sandbox is not in sync with the Podfile.lock. Run 'pod install' or update your CocoaPods installation.\" >&2\n    exit 1\nfi\n# This output is used by Xcode 'outputs' to avoid re-running this script phase.\necho \"SUCCESS\" > \"${SCRIPT_OUTPUT_FILE_0}\"\n";
			showEnvVarsInLog = 0;
		};
/* End PBXShellScriptBuildPhase section */

/* Begin PBXSourcesBuildPhase section */
		CCD0CC4225611A3B00FE95CD /* Sources */ = {
			isa = PBXSourcesBuildPhase;
			buildActionMask = 2147483647;
			files = (
				CCD0CC4E25611A3B00FE95CD /* ViewController.swift in Sources */,
				CCD0CC4A25611A3B00FE95CD /* AppDelegate.swift in Sources */,
				CCF0919E2562A67A00D1ACA0 /* CustomMarker.swift in Sources */,
				CCD0CC4C25611A3B00FE95CD /* SceneDelegate.swift in Sources */,
			);
			runOnlyForDeploymentPostprocessing = 0;
		};
/* End PBXSourcesBuildPhase section */

/* Begin PBXVariantGroup section */
		CCD0CC4F25611A3B00FE95CD /* Main.storyboard */ = {
			isa = PBXVariantGroup;
			children = (
				CCD0CC5025611A3B00FE95CD /* Base */,
			);
			name = Main.storyboard;
			sourceTree = "<group>";
		};
		CCD0CC5425611A3C00FE95CD /* LaunchScreen.storyboard */ = {
			isa = PBXVariantGroup;
			children = (
				CCD0CC5525611A3C00FE95CD /* Base */,
			);
			name = LaunchScreen.storyboard;
			sourceTree = "<group>";
		};
/* End PBXVariantGroup section */

/* Begin XCBuildConfiguration section */
		CCD0CC5825611A3C00FE95CD /* Debug */ = {
			isa = XCBuildConfiguration;
			buildSettings = {
				ALWAYS_SEARCH_USER_PATHS = NO;
				CLANG_ANALYZER_NONNULL = YES;
				CLANG_ANALYZER_NUMBER_OBJECT_CONVERSION = YES_AGGRESSIVE;
				CLANG_CXX_LANGUAGE_STANDARD = "gnu++14";
				CLANG_CXX_LIBRARY = "libc++";
				CLANG_ENABLE_MODULES = YES;
				CLANG_ENABLE_OBJC_ARC = YES;
				CLANG_ENABLE_OBJC_WEAK = YES;
				CLANG_WARN_BLOCK_CAPTURE_AUTORELEASING = YES;
				CLANG_WARN_BOOL_CONVERSION = YES;
				CLANG_WARN_COMMA = YES;
				CLANG_WARN_CONSTANT_CONVERSION = YES;
				CLANG_WARN_DEPRECATED_OBJC_IMPLEMENTATIONS = YES;
				CLANG_WARN_DIRECT_OBJC_ISA_USAGE = YES_ERROR;
				CLANG_WARN_DOCUMENTATION_COMMENTS = YES;
				CLANG_WARN_EMPTY_BODY = YES;
				CLANG_WARN_ENUM_CONVERSION = YES;
				CLANG_WARN_INFINITE_RECURSION = YES;
				CLANG_WARN_INT_CONVERSION = YES;
				CLANG_WARN_NON_LITERAL_NULL_CONVERSION = YES;
				CLANG_WARN_OBJC_IMPLICIT_RETAIN_SELF = YES;
				CLANG_WARN_OBJC_LITERAL_CONVERSION = YES;
				CLANG_WARN_OBJC_ROOT_CLASS = YES_ERROR;
				CLANG_WARN_QUOTED_INCLUDE_IN_FRAMEWORK_HEADER = YES;
				CLANG_WARN_RANGE_LOOP_ANALYSIS = YES;
				CLANG_WARN_STRICT_PROTOTYPES = YES;
				CLANG_WARN_SUSPICIOUS_MOVE = YES;
				CLANG_WARN_UNGUARDED_AVAILABILITY = YES_AGGRESSIVE;
				CLANG_WARN_UNREACHABLE_CODE = YES;
				CLANG_WARN__DUPLICATE_METHOD_MATCH = YES;
				COPY_PHASE_STRIP = NO;
				DEBUG_INFORMATION_FORMAT = dwarf;
				ENABLE_STRICT_OBJC_MSGSEND = YES;
				ENABLE_TESTABILITY = YES;
				GCC_C_LANGUAGE_STANDARD = gnu11;
				GCC_DYNAMIC_NO_PIC = NO;
				GCC_NO_COMMON_BLOCKS = YES;
				GCC_OPTIMIZATION_LEVEL = 0;
				GCC_PREPROCESSOR_DEFINITIONS = (
					"DEBUG=1",
					"$(inherited)",
				);
				GCC_WARN_64_TO_32_BIT_CONVERSION = YES;
				GCC_WARN_ABOUT_RETURN_TYPE = YES_ERROR;
				GCC_WARN_UNDECLARED_SELECTOR = YES;
				GCC_WARN_UNINITIALIZED_AUTOS = YES_AGGRESSIVE;
				GCC_WARN_UNUSED_FUNCTION = YES;
				GCC_WARN_UNUSED_VARIABLE = YES;
				IPHONEOS_DEPLOYMENT_TARGET = 13.1;
				MTL_ENABLE_DEBUG_INFO = INCLUDE_SOURCE;
				MTL_FAST_MATH = YES;
				ONLY_ACTIVE_ARCH = YES;
				SDKROOT = iphoneos;
				SWIFT_ACTIVE_COMPILATION_CONDITIONS = DEBUG;
				SWIFT_OPTIMIZATION_LEVEL = "-Onone";
			};
			name = Debug;
		};
		CCD0CC5925611A3C00FE95CD /* Release */ = {
			isa = XCBuildConfiguration;
			buildSettings = {
				ALWAYS_SEARCH_USER_PATHS = NO;
				CLANG_ANALYZER_NONNULL = YES;
				CLANG_ANALYZER_NUMBER_OBJECT_CONVERSION = YES_AGGRESSIVE;
				CLANG_CXX_LANGUAGE_STANDARD = "gnu++14";
				CLANG_CXX_LIBRARY = "libc++";
				CLANG_ENABLE_MODULES = YES;
				CLANG_ENABLE_OBJC_ARC = YES;
				CLANG_ENABLE_OBJC_WEAK = YES;
				CLANG_WARN_BLOCK_CAPTURE_AUTORELEASING = YES;
				CLANG_WARN_BOOL_CONVERSION = YES;
				CLANG_WARN_COMMA = YES;
				CLANG_WARN_CONSTANT_CONVERSION = YES;
				CLANG_WARN_DEPRECATED_OBJC_IMPLEMENTATIONS = YES;
				CLANG_WARN_DIRECT_OBJC_ISA_USAGE = YES_ERROR;
				CLANG_WARN_DOCUMENTATION_COMMENTS = YES;
				CLANG_WARN_EMPTY_BODY = YES;
				CLANG_WARN_ENUM_CONVERSION = YES;
				CLANG_WARN_INFINITE_RECURSION = YES;
				CLANG_WARN_INT_CONVERSION = YES;
				CLANG_WARN_NON_LITERAL_NULL_CONVERSION = YES;
				CLANG_WARN_OBJC_IMPLICIT_RETAIN_SELF = YES;
				CLANG_WARN_OBJC_LITERAL_CONVERSION = YES;
				CLANG_WARN_OBJC_ROOT_CLASS = YES_ERROR;
				CLANG_WARN_QUOTED_INCLUDE_IN_FRAMEWORK_HEADER = YES;
				CLANG_WARN_RANGE_LOOP_ANALYSIS = YES;
				CLANG_WARN_STRICT_PROTOTYPES = YES;
				CLANG_WARN_SUSPICIOUS_MOVE = YES;
				CLANG_WARN_UNGUARDED_AVAILABILITY = YES_AGGRESSIVE;
				CLANG_WARN_UNREACHABLE_CODE = YES;
				CLANG_WARN__DUPLICATE_METHOD_MATCH = YES;
				COPY_PHASE_STRIP = NO;
				DEBUG_INFORMATION_FORMAT = "dwarf-with-dsym";
				ENABLE_NS_ASSERTIONS = NO;
				ENABLE_STRICT_OBJC_MSGSEND = YES;
				GCC_C_LANGUAGE_STANDARD = gnu11;
				GCC_NO_COMMON_BLOCKS = YES;
				GCC_WARN_64_TO_32_BIT_CONVERSION = YES;
				GCC_WARN_ABOUT_RETURN_TYPE = YES_ERROR;
				GCC_WARN_UNDECLARED_SELECTOR = YES;
				GCC_WARN_UNINITIALIZED_AUTOS = YES_AGGRESSIVE;
				GCC_WARN_UNUSED_FUNCTION = YES;
				GCC_WARN_UNUSED_VARIABLE = YES;
				IPHONEOS_DEPLOYMENT_TARGET = 13.1;
				MTL_ENABLE_DEBUG_INFO = NO;
				MTL_FAST_MATH = YES;
				SDKROOT = iphoneos;
				SWIFT_COMPILATION_MODE = wholemodule;
				SWIFT_OPTIMIZATION_LEVEL = "-O";
				VALIDATE_PRODUCT = YES;
			};
			name = Release;
		};
		CCD0CC5B25611A3C00FE95CD /* Debug */ = {
			isa = XCBuildConfiguration;
			baseConfigurationReference = BB76245A117C11A335920327 /* Pods-ChartsWork.debug.xcconfig */;
			buildSettings = {
				ASSETCATALOG_COMPILER_APPICON_NAME = AppIcon;
				ASSETCATALOG_COMPILER_GLOBAL_ACCENT_COLOR_NAME = AccentColor;
				CODE_SIGN_STYLE = Automatic;
				DEVELOPMENT_TEAM = 4EJQ3DNKGU;
				INFOPLIST_FILE = ChartsWork/Info.plist;
				LD_RUNPATH_SEARCH_PATHS = (
					"$(inherited)",
					"@executable_path/Frameworks",
				);
				PRODUCT_BUNDLE_IDENTIFIER = test.com.ChartsWork;
				PRODUCT_NAME = "$(TARGET_NAME)";
				SWIFT_VERSION = 5.0;
				TARGETED_DEVICE_FAMILY = "1,2";
			};
			name = Debug;
		};
		CCD0CC5C25611A3C00FE95CD /* Release */ = {
			isa = XCBuildConfiguration;
			baseConfigurationReference = F2DF59996D500CB9494E0369 /* Pods-ChartsWork.release.xcconfig */;
			buildSettings = {
				ASSETCATALOG_COMPILER_APPICON_NAME = AppIcon;
				ASSETCATALOG_COMPILER_GLOBAL_ACCENT_COLOR_NAME = AccentColor;
				CODE_SIGN_STYLE = Automatic;
				DEVELOPMENT_TEAM = 4EJQ3DNKGU;
				INFOPLIST_FILE = ChartsWork/Info.plist;
				LD_RUNPATH_SEARCH_PATHS = (
					"$(inherited)",
					"@executable_path/Frameworks",
				);
				PRODUCT_BUNDLE_IDENTIFIER = test.com.ChartsWork;
				PRODUCT_NAME = "$(TARGET_NAME)";
				SWIFT_VERSION = 5.0;
				TARGETED_DEVICE_FAMILY = "1,2";
			};
			name = Release;
		};
/* End XCBuildConfiguration section */

/* Begin XCConfigurationList section */
		CCD0CC4125611A3B00FE95CD /* Build configuration list for PBXProject "ChartsWork" */ = {
			isa = XCConfigurationList;
			buildConfigurations = (
				CCD0CC5825611A3C00FE95CD /* Debug */,
				CCD0CC5925611A3C00FE95CD /* Release */,
			);
			defaultConfigurationIsVisible = 0;
			defaultConfigurationName = Release;
		};
		CCD0CC5A25611A3C00FE95CD /* Build configuration list for PBXNativeTarget "ChartsWork" */ = {
			isa = XCConfigurationList;
			buildConfigurations = (
				CCD0CC5B25611A3C00FE95CD /* Debug */,
				CCD0CC5C25611A3C00FE95CD /* Release */,
			);
			defaultConfigurationIsVisible = 0;
			defaultConfigurationName = Release;
		};
/* End XCConfigurationList section */
	};
	rootObject = CCD0CC3E25611A3B00FE95CD /* Project object */;
}
